
Microsoft Visual Studio Solution File, Format Version 12.00
# Visual Studio Version 17
VisualStudioVersion = 17.2.32519.379
MinimumVisualStudioVersion = 10.0.40219.1
Project("{FAE04EC0-301F-11D3-BF4B-00C04F79EFBC}") = "Web", "Web\Web.csproj", "{6901CCCC-8AFF-4412-BE55-FA9DE14DB3F6}"
EndProject
Project("{FAE04EC0-301F-11D3-BF4B-00C04F79EFBC}") = "Business", "Business\Business.csproj", "{B0410E41-C1F8-4B33-848B-948E9C7CAFEC}"
EndProject
Project("{FAE04EC0-301F-11D3-BF4B-00C04F79EFBC}") = "Data", "Data\Data.csproj", "{33B640A3-C95D-47CD-82AA-6AFC784CC287}"
EndProject
Global
	GlobalSection(SolutionConfigurationPlatforms) = preSolution
		Debug|Any CPU = Debug|Any CPU
		Release|Any CPU = Release|Any CPU
	EndGlobalSection
	GlobalSection(ProjectConfigurationPlatforms) = postSolution
		{6901CCCC-8AFF-4412-BE55-FA9DE14DB3F6}.Debug|Any CPU.ActiveCfg = Debug|Any CPU
		{6901CCCC-8AFF-4412-BE55-FA9DE14DB3F6}.Debug|Any CPU.Build.0 = Debug|Any CPU
		{6901CCCC-8AFF-4412-BE55-FA9DE14DB3F6}.Release|Any CPU.ActiveCfg = Release|Any CPU
		{6901CCCC-8AFF-4412-BE55-FA9DE14DB3F6}.Release|Any CPU.Build.0 = Release|Any CPU
		{B0410E41-C1F8-4B33-848B-948E9C7CAFEC}.Debug|Any CPU.ActiveCfg = Debug|Any CPU
		{B0410E41-C1F8-4B33-848B-948E9C7CAFEC}.Debug|Any CPU.Build.0 = Debug|Any CPU
		{B0410E41-C1F8-4B33-848B-948E9C7CAFEC}.Release|Any CPU.ActiveCfg = Release|Any CPU
		{B0410E41-C1F8-4B33-848B-948E9C7CAFEC}.Release|Any CPU.Build.0 = Release|Any CPU
		{33B640A3-C95D-47CD-82AA-6AFC784CC287}.Debug|Any CPU.ActiveCfg = Debug|Any CPU
		{33B640A3-C95D-47CD-82AA-6AFC784CC287}.Debug|Any CPU.Build.0 = Debug|Any CPU
		{33B640A3-C95D-47CD-82AA-6AFC784CC287}.Release|Any CPU.ActiveCfg = Release|Any CPU
		{33B640A3-C95D-47CD-82AA-6AFC784CC287}.Release|Any CPU.Build.0 = Release|Any CPU
	EndGlobalSection
	GlobalSection(SolutionProperties) = preSolution
		HideSolutionNode = FALSE
	EndGlobalSection
	GlobalSection(ExtensibilityGlobals) = postSolution
		SolutionGuid = {073F52EA-2876-48C5-869D-A6B81C17B02D}
	EndGlobalSection
EndGlobal
